
Microsoft Visual Studio Solution File, Format Version 12.00
# Visual Studio 15
VisualStudioVersion = 15.0.27703.2042
MinimumVisualStudioVersion = 10.0.40219.1
Project("{FAE04EC0-301F-11D3-BF4B-00C04F79EFBC}") = "RoslynTester", "RoslynTester.csproj", "{C4A4EB3E-33A5-4C74-A719-6F8FA3829ED9}"
EndProject
Global
	GlobalSection(SolutionConfigurationPlatforms) = preSolution
		Debug|Any CPU = Debug|Any CPU
		Release|Any CPU = Release|Any CPU
	EndGlobalSection
	GlobalSection(ProjectConfigurationPlatforms) = postSolution
		{C4A4EB3E-33A5-4C74-A719-6F8FA3829ED9}.Debug|Any CPU.ActiveCfg = Debug|Any CPU
		{C4A4EB3E-33A5-4C74-A719-6F8FA3829ED9}.Debug|Any CPU.Build.0 = Debug|Any CPU
		{C4A4EB3E-33A5-4C74-A719-6F8FA3829ED9}.Release|Any CPU.ActiveCfg = Release|Any CPU
		{C4A4EB3E-33A5-4C74-A719-6F8FA3829ED9}.Release|Any CPU.Build.0 = Release|Any CPU
	EndGlobalSection
	GlobalSection(SolutionProperties) = preSolution
		HideSolutionNode = FALSE
	EndGlobalSection
	GlobalSection(ExtensibilityGlobals) = postSolution
		SolutionGuid = {ACD82519-B6B6-4C56-A94A-2DCBC3D3FB2D}
	EndGlobalSection
EndGlobal
